
Microsoft Visual Studio Solution File, Format Version 12.00
# Visual Studio Version 17
VisualStudioVersion = 17.5.002.0
MinimumVisualStudioVersion = 10.0.40219.1
Project("{9A19103F-16F7-4668-BE54-9A1E7A4F7556}") = "csteapot", "csteapot.csproj", "{F62D776E-36E3-462D-B51A-C36CD00A376D}"
EndProject
Global
	GlobalSection(SolutionConfigurationPlatforms) = preSolution
		Debug|Any CPU = Debug|Any CPU
		Release|Any CPU = Release|Any CPU
	EndGlobalSection
	GlobalSection(ProjectConfigurationPlatforms) = postSolution
		{F62D776E-36E3-462D-B51A-C36CD00A376D}.Debug|Any CPU.ActiveCfg = Debug|Any CPU
		{F62D776E-36E3-462D-B51A-C36CD00A376D}.Debug|Any CPU.Build.0 = Debug|Any CPU
		{F62D776E-36E3-462D-B51A-C36CD00A376D}.Release|Any CPU.ActiveCfg = Release|Any CPU
		{F62D776E-36E3-462D-B51A-C36CD00A376D}.Release|Any CPU.Build.0 = Release|Any CPU
	EndGlobalSection
	GlobalSection(SolutionProperties) = preSolution
		HideSolutionNode = FALSE
	EndGlobalSection
	GlobalSection(ExtensibilityGlobals) = postSolution
		SolutionGuid = {774D1FCD-55CD-4D65-8ADB-AD15B682E0DF}
	EndGlobalSection
EndGlobal
